// !$*UTF8*$!
{
	archiveVersion = 1;
	classes = {
	};
	objectVersion = 50;
	objects = {

/* Begin PBXBuildFile section */
		D70F58F2234B820900F4AF18 /* electric.png in Resources */ = {isa = PBXBuildFile; fileRef = D70F58F1234B820900F4AF18 /* electric.png */; };
		D70F58F7234B822100F4AF18 /* spooky.png in Resources */ = {isa = PBXBuildFile; fileRef = D70F58F3234B822100F4AF18 /* spooky.png */; };
		D70F58F8234B822100F4AF18 /* grass.png in Resources */ = {isa = PBXBuildFile; fileRef = D70F58F4234B822100F4AF18 /* grass.png */; };
		D70F58F9234B822100F4AF18 /* water.png in Resources */ = {isa = PBXBuildFile; fileRef = D70F58F5234B822100F4AF18 /* water.png */; };
		D70F58FA234B822100F4AF18 /* fire.png in Resources */ = {isa = PBXBuildFile; fileRef = D70F58F6234B822100F4AF18 /* fire.png */; };
		D72321A3233BA7A800ED8200 /* AppDelegate.swift in Sources */ = {isa = PBXBuildFile; fileRef = D72321A2233BA7A800ED8200 /* AppDelegate.swift */; };
		D72321A7233BA7A800ED8200 /* Actions.sks in Resources */ = {isa = PBXBuildFile; fileRef = D72321A6233BA7A800ED8200 /* Actions.sks */; };
		D72321AB233BA7A800ED8200 /* GameViewController.swift in Sources */ = {isa = PBXBuildFile; fileRef = D72321AA233BA7A800ED8200 /* GameViewController.swift */; };
		D72321AE233BA7A800ED8200 /* Main.storyboard in Resources */ = {isa = PBXBuildFile; fileRef = D72321AC233BA7A800ED8200 /* Main.storyboard */; };
		D72321B0233BA7AF00ED8200 /* Assets.xcassets in Resources */ = {isa = PBXBuildFile; fileRef = D72321AF233BA7AF00ED8200 /* Assets.xcassets */; };
		D72321B3233BA7AF00ED8200 /* LaunchScreen.storyboard in Resources */ = {isa = PBXBuildFile; fileRef = D72321B1233BA7AF00ED8200 /* LaunchScreen.storyboard */; };
		D74080AF2350C93C006B46DF /* Swap.swift in Sources */ = {isa = PBXBuildFile; fileRef = D74080AE2350C93C006B46DF /* Swap.swift */; };
		D74080B52354B668006B46DF /* water-Highlighted.png in Resources */ = {isa = PBXBuildFile; fileRef = D74080B02354B668006B46DF /* water-Highlighted.png */; };
		D74080B62354B668006B46DF /* electric-Highlighted.png in Resources */ = {isa = PBXBuildFile; fileRef = D74080B12354B668006B46DF /* electric-Highlighted.png */; };
		D74080B72354B668006B46DF /* fire-Highlighted.png in Resources */ = {isa = PBXBuildFile; fileRef = D74080B22354B668006B46DF /* fire-Highlighted.png */; };
		D74080B82354B668006B46DF /* grass-Highlighted.png in Resources */ = {isa = PBXBuildFile; fileRef = D74080B32354B668006B46DF /* grass-Highlighted.png */; };
		D74080B92354B668006B46DF /* spooky-Highlighted.png in Resources */ = {isa = PBXBuildFile; fileRef = D74080B42354B668006B46DF /* spooky-Highlighted.png */; };
		D74080BB23552A3A006B46DF /* Point.swift in Sources */ = {isa = PBXBuildFile; fileRef = D74080BA23552A3A006B46DF /* Point.swift */; };
		D755BA1D234784C40020A691 /* Level.swift in Sources */ = {isa = PBXBuildFile; fileRef = D755BA1C234784C40020A691 /* Level.swift */; };
		D755BA2323478AB00020A691 /* GameScene.swift in Sources */ = {isa = PBXBuildFile; fileRef = D755BA2223478AB00020A691 /* GameScene.swift */; };
		D7ABDCEF23666E5800B6C54D /* Scream4.png in Resources */ = {isa = PBXBuildFile; fileRef = D7ABDCE923666E5700B6C54D /* Scream4.png */; };
		D7ABDCF023666E5800B6C54D /* Scream3.png in Resources */ = {isa = PBXBuildFile; fileRef = D7ABDCEA23666E5700B6C54D /* Scream3.png */; };
		D7ABDCF123666E5800B6C54D /* Scream1.png in Resources */ = {isa = PBXBuildFile; fileRef = D7ABDCEB23666E5700B6C54D /* Scream1.png */; };
		D7ABDCF223666E5800B6C54D /* Scream5.png in Resources */ = {isa = PBXBuildFile; fileRef = D7ABDCEC23666E5700B6C54D /* Scream5.png */; };
		D7ABDCF323666E5800B6C54D /* Scream6.png in Resources */ = {isa = PBXBuildFile; fileRef = D7ABDCED23666E5700B6C54D /* Scream6.png */; };
		D7ABDCF423666E5800B6C54D /* Scream2.png in Resources */ = {isa = PBXBuildFile; fileRef = D7ABDCEE23666E5800B6C54D /* Scream2.png */; };
		D7ABDCF623667A1100B6C54D /* kongtext.ttf in Resources */ = {isa = PBXBuildFile; fileRef = D7ABDCF52366766400B6C54D /* kongtext.ttf */; };
		D7ABDCF823667B9400B6C54D /* 712_serif.ttf in Resources */ = {isa = PBXBuildFile; fileRef = D7ABDCF723667B7600B6C54D /* 712_serif.ttf */; };
		D7ABDCFA2366864900B6C54D /* particle1.png in Resources */ = {isa = PBXBuildFile; fileRef = D7ABDCF92366864900B6C54D /* particle1.png */; };
		D7ABDCFC2366874D00B6C54D /* GameScene.sks in Resources */ = {isa = PBXBuildFile; fileRef = D7ABDCFB2366874D00B6C54D /* GameScene.sks */; };
		D7ABDCFF236687AB00B6C54D /* PopParticle.sks in Resources */ = {isa = PBXBuildFile; fileRef = D7ABDCFD236687AB00B6C54D /* PopParticle.sks */; };
		D7ABDD00236687AB00B6C54D /* Assets.xcassets in Resources */ = {isa = PBXBuildFile; fileRef = D7ABDCFE236687AB00B6C54D /* Assets.xcassets */; };
		D7ABDD032368E7EF00B6C54D /* pausebutton2.png in Resources */ = {isa = PBXBuildFile; fileRef = D7ABDD012368E7EF00B6C54D /* pausebutton2.png */; };
		D7ABDD042368E7EF00B6C54D /* pausebutton1.png in Resources */ = {isa = PBXBuildFile; fileRef = D7ABDD022368E7EF00B6C54D /* pausebutton1.png */; };
		D7ABDD072369546E00B6C54D /* jellybutton2.png in Resources */ = {isa = PBXBuildFile; fileRef = D7ABDD052369546E00B6C54D /* jellybutton2.png */; };
		D7ABDD082369546E00B6C54D /* jellybutton1.png in Resources */ = {isa = PBXBuildFile; fileRef = D7ABDD062369546E00B6C54D /* jellybutton1.png */; };
		D7ABDD0A236974E800B6C54D /* MenuScene.swift in Sources */ = {isa = PBXBuildFile; fileRef = D7ABDD09236974E800B6C54D /* MenuScene.swift */; };
		D7ABDD0C2369864E00B6C54D /* StatsScene.swift in Sources */ = {isa = PBXBuildFile; fileRef = D7ABDD0B2369864E00B6C54D /* StatsScene.swift */; };
		D7ABDD0E23698AE800B6C54D /* Profile.swift in Sources */ = {isa = PBXBuildFile; fileRef = D7ABDD0D23698AE800B6C54D /* Profile.swift */; };
		D7ABDD112369911100B6C54D /* backButton1.png in Resources */ = {isa = PBXBuildFile; fileRef = D7ABDD0F2369911000B6C54D /* backButton1.png */; };
		D7ABDD122369911100B6C54D /* backButton2.png in Resources */ = {isa = PBXBuildFile; fileRef = D7ABDD102369911100B6C54D /* backButton2.png */; };
		D7D80CA72359FCF2002A2A45 /* firefall2.png in Resources */ = {isa = PBXBuildFile; fileRef = D7D80CA42359FCF2002A2A45 /* firefall2.png */; };
		D7D80CA82359FCF2002A2A45 /* firefall3.png in Resources */ = {isa = PBXBuildFile; fileRef = D7D80CA52359FCF2002A2A45 /* firefall3.png */; };
		D7D80CA92359FCF2002A2A45 /* firefall1.png in Resources */ = {isa = PBXBuildFile; fileRef = D7D80CA62359FCF2002A2A45 /* firefall1.png */; };
		D7D80CAB235B9C73002A2A45 /* firefall4.png in Resources */ = {isa = PBXBuildFile; fileRef = D7D80CAA235B9C73002A2A45 /* firefall4.png */; };
		D7D80CB0235B9F19002A2A45 /* grassfall1.png in Resources */ = {isa = PBXBuildFile; fileRef = D7D80CAC235B9F19002A2A45 /* grassfall1.png */; };
		D7D80CB1235B9F19002A2A45 /* grassfall2.png in Resources */ = {isa = PBXBuildFile; fileRef = D7D80CAD235B9F19002A2A45 /* grassfall2.png */; };
		D7D80CB2235B9F19002A2A45 /* grassfall3.png in Resources */ = {isa = PBXBuildFile; fileRef = D7D80CAE235B9F19002A2A45 /* grassfall3.png */; };
		D7D80CB3235B9F19002A2A45 /* grassfall4.png in Resources */ = {isa = PBXBuildFile; fileRef = D7D80CAF235B9F19002A2A45 /* grassfall4.png */; };
		D7D80CB8235BA076002A2A45 /* waterfall1.png in Resources */ = {isa = PBXBuildFile; fileRef = D7D80CB4235BA075002A2A45 /* waterfall1.png */; };
		D7D80CB9235BA076002A2A45 /* waterfall4.png in Resources */ = {isa = PBXBuildFile; fileRef = D7D80CB5235BA075002A2A45 /* waterfall4.png */; };
		D7D80CBA235BA076002A2A45 /* waterfall3.png in Resources */ = {isa = PBXBuildFile; fileRef = D7D80CB6235BA076002A2A45 /* waterfall3.png */; };
		D7D80CBB235BA076002A2A45 /* waterfall2.png in Resources */ = {isa = PBXBuildFile; fileRef = D7D80CB7235BA076002A2A45 /* waterfall2.png */; };
		D7D80CC0235BA2CF002A2A45 /* electricfall1.png in Resources */ = {isa = PBXBuildFile; fileRef = D7D80CBC235BA2CF002A2A45 /* electricfall1.png */; };
		D7D80CC1235BA2CF002A2A45 /* electricfall2.png in Resources */ = {isa = PBXBuildFile; fileRef = D7D80CBD235BA2CF002A2A45 /* electricfall2.png */; };
		D7D80CC2235BA2CF002A2A45 /* electricfall4.png in Resources */ = {isa = PBXBuildFile; fileRef = D7D80CBE235BA2CF002A2A45 /* electricfall4.png */; };
		D7D80CC3235BA2CF002A2A45 /* electricfall3.png in Resources */ = {isa = PBXBuildFile; fileRef = D7D80CBF235BA2CF002A2A45 /* electricfall3.png */; };
		D7D80CC8235BA2D8002A2A45 /* spookyfall3.png in Resources */ = {isa = PBXBuildFile; fileRef = D7D80CC4235BA2D7002A2A45 /* spookyfall3.png */; };
		D7D80CC9235BA2D8002A2A45 /* spookyfall2.png in Resources */ = {isa = PBXBuildFile; fileRef = D7D80CC5235BA2D7002A2A45 /* spookyfall2.png */; };
		D7D80CCA235BA2D8002A2A45 /* spookyfall4.png in Resources */ = {isa = PBXBuildFile; fileRef = D7D80CC6235BA2D8002A2A45 /* spookyfall4.png */; };
		D7D80CCB235BA2D8002A2A45 /* spookyfall1.png in Resources */ = {isa = PBXBuildFile; fileRef = D7D80CC7235BA2D8002A2A45 /* spookyfall1.png */; };
		D7D80CD1235BA76D002A2A45 /* fireflash.png in Resources */ = {isa = PBXBuildFile; fileRef = D7D80CCC235BA76C002A2A45 /* fireflash.png */; };
		D7D80CD2235BA76D002A2A45 /* grassflash.png in Resources */ = {isa = PBXBuildFile; fileRef = D7D80CCD235BA76C002A2A45 /* grassflash.png */; };
		D7D80CD3235BA76D002A2A45 /* electricflash.png in Resources */ = {isa = PBXBuildFile; fileRef = D7D80CCE235BA76C002A2A45 /* electricflash.png */; };
		D7D80CD4235BA76D002A2A45 /* spookyflash.png in Resources */ = {isa = PBXBuildFile; fileRef = D7D80CCF235BA76D002A2A45 /* spookyflash.png */; };
		D7D80CD5235BA76D002A2A45 /* waterflash.png in Resources */ = {isa = PBXBuildFile; fileRef = D7D80CD0235BA76D002A2A45 /* waterflash.png */; };
		D7D80CDB235BAC06002A2A45 /* electricshock.png in Resources */ = {isa = PBXBuildFile; fileRef = D7D80CD6235BAC06002A2A45 /* electricshock.png */; };
		D7D80CDC235BAC06002A2A45 /* watershock.png in Resources */ = {isa = PBXBuildFile; fileRef = D7D80CD7235BAC06002A2A45 /* watershock.png */; };
		D7D80CDD235BAC06002A2A45 /* spookyshock.png in Resources */ = {isa = PBXBuildFile; fileRef = D7D80CD8235BAC06002A2A45 /* spookyshock.png */; };
		D7D80CDE235BAC06002A2A45 /* fireshock.png in Resources */ = {isa = PBXBuildFile; fileRef = D7D80CD9235BAC06002A2A45 /* fireshock.png */; };
		D7D80CDF235BAC06002A2A45 /* grassshock.png in Resources */ = {isa = PBXBuildFile; fileRef = D7D80CDA235BAC06002A2A45 /* grassshock.png */; };
		D7D80CE6236134DC002A2A45 /* combo-9.png in Resources */ = {isa = PBXBuildFile; fileRef = D7D80CE0236134DB002A2A45 /* combo-9.png */; };
		D7D80CE7236134DC002A2A45 /* combo-7.png in Resources */ = {isa = PBXBuildFile; fileRef = D7D80CE1236134DB002A2A45 /* combo-7.png */; };
		D7D80CE8236134DC002A2A45 /* combo-5.png in Resources */ = {isa = PBXBuildFile; fileRef = D7D80CE2236134DB002A2A45 /* combo-5.png */; };
		D7D80CE9236134DC002A2A45 /* combo-4.png in Resources */ = {isa = PBXBuildFile; fileRef = D7D80CE3236134DB002A2A45 /* combo-4.png */; };
		D7D80CEA236134DC002A2A45 /* combo-8.png in Resources */ = {isa = PBXBuildFile; fileRef = D7D80CE4236134DC002A2A45 /* combo-8.png */; };
		D7D80CEB236134DC002A2A45 /* combo-6.png in Resources */ = {isa = PBXBuildFile; fileRef = D7D80CE5236134DC002A2A45 /* combo-6.png */; };
		D7D80CF423614A92002A2A45 /* chain-6.png in Resources */ = {isa = PBXBuildFile; fileRef = D7D80CEC23614A91002A2A45 /* chain-6.png */; };
		D7D80CF523614A92002A2A45 /* chain-4.png in Resources */ = {isa = PBXBuildFile; fileRef = D7D80CED23614A91002A2A45 /* chain-4.png */; };
		D7D80CF623614A92002A2A45 /* chain-2.png in Resources */ = {isa = PBXBuildFile; fileRef = D7D80CEE23614A91002A2A45 /* chain-2.png */; };
		D7D80CF723614A92002A2A45 /* chain-5.png in Resources */ = {isa = PBXBuildFile; fileRef = D7D80CEF23614A91002A2A45 /* chain-5.png */; };
		D7D80CF823614A92002A2A45 /* chain-3.png in Resources */ = {isa = PBXBuildFile; fileRef = D7D80CF023614A91002A2A45 /* chain-3.png */; };
		D7D80CF923614A92002A2A45 /* chain-8.png in Resources */ = {isa = PBXBuildFile; fileRef = D7D80CF123614A91002A2A45 /* chain-8.png */; };
		D7D80CFA23614A92002A2A45 /* chain-9.png in Resources */ = {isa = PBXBuildFile; fileRef = D7D80CF223614A92002A2A45 /* chain-9.png */; };
		D7D80CFB23614A92002A2A45 /* chain-7.png in Resources */ = {isa = PBXBuildFile; fileRef = D7D80CF323614A92002A2A45 /* chain-7.png */; };
		D7D80D062361FE87002A2A45 /* shine3.png in Resources */ = {isa = PBXBuildFile; fileRef = D7D80CFC2361FE86002A2A45 /* shine3.png */; };
		D7D80D072361FE87002A2A45 /* shine4.png in Resources */ = {isa = PBXBuildFile; fileRef = D7D80CFD2361FE86002A2A45 /* shine4.png */; };
		D7D80D082361FE87002A2A45 /* shine6.png in Resources */ = {isa = PBXBuildFile; fileRef = D7D80CFE2361FE86002A2A45 /* shine6.png */; };
		D7D80D092361FE87002A2A45 /* shine2.png in Resources */ = {isa = PBXBuildFile; fileRef = D7D80CFF2361FE86002A2A45 /* shine2.png */; };
		D7D80D0A2361FE87002A2A45 /* shine7.png in Resources */ = {isa = PBXBuildFile; fileRef = D7D80D002361FE86002A2A45 /* shine7.png */; };
		D7D80D0B2361FE87002A2A45 /* shine8.png in Resources */ = {isa = PBXBuildFile; fileRef = D7D80D012361FE87002A2A45 /* shine8.png */; };
		D7D80D0C2361FE87002A2A45 /* shine10.png in Resources */ = {isa = PBXBuildFile; fileRef = D7D80D022361FE87002A2A45 /* shine10.png */; };
		D7D80D0D2361FE87002A2A45 /* shine9.png in Resources */ = {isa = PBXBuildFile; fileRef = D7D80D032361FE87002A2A45 /* shine9.png */; };
		D7D80D0E2361FE87002A2A45 /* shine1.png in Resources */ = {isa = PBXBuildFile; fileRef = D7D80D042361FE87002A2A45 /* shine1.png */; };
		D7D80D0F2361FE87002A2A45 /* shine5.png in Resources */ = {isa = PBXBuildFile; fileRef = D7D80D052361FE87002A2A45 /* shine5.png */; };
		D7D80D11236201E9002A2A45 /* shine11.png in Resources */ = {isa = PBXBuildFile; fileRef = D7D80D10236201E9002A2A45 /* shine11.png */; };
		D7D80D1423622E50002A2A45 /* boostbutton1.png in Resources */ = {isa = PBXBuildFile; fileRef = D7D80D1223622E50002A2A45 /* boostbutton1.png */; };
		D7D80D1523622E50002A2A45 /* boostbutton2.png in Resources */ = {isa = PBXBuildFile; fileRef = D7D80D1323622E50002A2A45 /* boostbutton2.png */; };
		D7D80D172364C694002A2A45 /* FTButtonNode.swift in Sources */ = {isa = PBXBuildFile; fileRef = D7D80D162364C694002A2A45 /* FTButtonNode.swift */; };
		D7DF521E2344F06F00856752 /* Block.swift in Sources */ = {isa = PBXBuildFile; fileRef = D7DF521D2344F06F00856752 /* Block.swift */; };
/* End PBXBuildFile section */

/* Begin PBXFileReference section */
		D70F58F1234B820900F4AF18 /* electric.png */ = {isa = PBXFileReference; lastKnownFileType = image.png; name = electric.png; path = p03_dirwin1/Assets.xcassets/electric.png; sourceTree = SOURCE_ROOT; };
		D70F58F3234B822100F4AF18 /* spooky.png */ = {isa = PBXFileReference; lastKnownFileType = image.png; name = spooky.png; path = p03_dirwin1/Assets.xcassets/spooky.png; sourceTree = SOURCE_ROOT; };
		D70F58F4234B822100F4AF18 /* grass.png */ = {isa = PBXFileReference; lastKnownFileType = image.png; name = grass.png; path = p03_dirwin1/Assets.xcassets/grass.png; sourceTree = SOURCE_ROOT; };
		D70F58F5234B822100F4AF18 /* water.png */ = {isa = PBXFileReference; lastKnownFileType = image.png; name = water.png; path = p03_dirwin1/Assets.xcassets/water.png; sourceTree = SOURCE_ROOT; };
		D70F58F6234B822100F4AF18 /* fire.png */ = {isa = PBXFileReference; lastKnownFileType = image.png; name = fire.png; path = p03_dirwin1/Assets.xcassets/fire.png; sourceTree = SOURCE_ROOT; };
		D723219F233BA7A800ED8200 /* p03_dirwin1.app */ = {isa = PBXFileReference; explicitFileType = wrapper.application; includeInIndex = 0; path = p03_dirwin1.app; sourceTree = BUILT_PRODUCTS_DIR; };
		D72321A2233BA7A800ED8200 /* AppDelegate.swift */ = {isa = PBXFileReference; lastKnownFileType = sourcecode.swift; path = AppDelegate.swift; sourceTree = "<group>"; };
		D72321A6233BA7A800ED8200 /* Actions.sks */ = {isa = PBXFileReference; lastKnownFileType = file.sks; path = Actions.sks; sourceTree = "<group>"; };
		D72321AA233BA7A800ED8200 /* GameViewController.swift */ = {isa = PBXFileReference; lastKnownFileType = sourcecode.swift; path = GameViewController.swift; sourceTree = "<group>"; };
		D72321AD233BA7A800ED8200 /* Base */ = {isa = PBXFileReference; lastKnownFileType = file.storyboard; name = Base; path = Base.lproj/Main.storyboard; sourceTree = "<group>"; };
		D72321AF233BA7AF00ED8200 /* Assets.xcassets */ = {isa = PBXFileReference; lastKnownFileType = folder.assetcatalog; path = Assets.xcassets; sourceTree = "<group>"; };
		D72321B2233BA7AF00ED8200 /* Base */ = {isa = PBXFileReference; lastKnownFileType = file.storyboard; name = Base; path = Base.lproj/LaunchScreen.storyboard; sourceTree = "<group>"; };
		D72321B4233BA7AF00ED8200 /* Info.plist */ = {isa = PBXFileReference; lastKnownFileType = text.plist.xml; path = Info.plist; sourceTree = "<group>"; };
		D74080AE2350C93C006B46DF /* Swap.swift */ = {isa = PBXFileReference; lastKnownFileType = sourcecode.swift; path = Swap.swift; sourceTree = "<group>"; };
		D74080B02354B668006B46DF /* water-Highlighted.png */ = {isa = PBXFileReference; lastKnownFileType = image.png; path = "water-Highlighted.png"; sourceTree = "<group>"; };
		D74080B12354B668006B46DF /* electric-Highlighted.png */ = {isa = PBXFileReference; lastKnownFileType = image.png; path = "electric-Highlighted.png"; sourceTree = "<group>"; };
		D74080B22354B668006B46DF /* fire-Highlighted.png */ = {isa = PBXFileReference; lastKnownFileType = image.png; path = "fire-Highlighted.png"; sourceTree = "<group>"; };
		D74080B32354B668006B46DF /* grass-Highlighted.png */ = {isa = PBXFileReference; lastKnownFileType = image.png; path = "grass-Highlighted.png"; sourceTree = "<group>"; };
		D74080B42354B668006B46DF /* spooky-Highlighted.png */ = {isa = PBXFileReference; lastKnownFileType = image.png; path = "spooky-Highlighted.png"; sourceTree = "<group>"; };
		D74080BA23552A3A006B46DF /* Point.swift */ = {isa = PBXFileReference; lastKnownFileType = sourcecode.swift; path = Point.swift; sourceTree = "<group>"; };
		D755BA1C234784C40020A691 /* Level.swift */ = {isa = PBXFileReference; lastKnownFileType = sourcecode.swift; path = Level.swift; sourceTree = "<group>"; };
		D755BA2223478AB00020A691 /* GameScene.swift */ = {isa = PBXFileReference; lastKnownFileType = sourcecode.swift; path = GameScene.swift; sourceTree = "<group>"; };
		D7ABDCE923666E5700B6C54D /* Scream4.png */ = {isa = PBXFileReference; lastKnownFileType = image.png; path = Scream4.png; sourceTree = "<group>"; };
		D7ABDCEA23666E5700B6C54D /* Scream3.png */ = {isa = PBXFileReference; lastKnownFileType = image.png; path = Scream3.png; sourceTree = "<group>"; };
		D7ABDCEB23666E5700B6C54D /* Scream1.png */ = {isa = PBXFileReference; lastKnownFileType = image.png; path = Scream1.png; sourceTree = "<group>"; };
		D7ABDCEC23666E5700B6C54D /* Scream5.png */ = {isa = PBXFileReference; lastKnownFileType = image.png; path = Scream5.png; sourceTree = "<group>"; };
		D7ABDCED23666E5700B6C54D /* Scream6.png */ = {isa = PBXFileReference; lastKnownFileType = image.png; path = Scream6.png; sourceTree = "<group>"; };
		D7ABDCEE23666E5800B6C54D /* Scream2.png */ = {isa = PBXFileReference; lastKnownFileType = image.png; path = Scream2.png; sourceTree = "<group>"; };
		D7ABDCF52366766400B6C54D /* kongtext.ttf */ = {isa = PBXFileReference; lastKnownFileType = file; name = kongtext.ttf; path = ../../../../../../Downloads/kongtext/kongtext.ttf; sourceTree = "<group>"; };
		D7ABDCF723667B7600B6C54D /* 712_serif.ttf */ = {isa = PBXFileReference; lastKnownFileType = file; name = 712_serif.ttf; path = "../../../../../../Downloads/7-12-serif/712_serif.ttf"; sourceTree = "<group>"; };
		D7ABDCF92366864900B6C54D /* particle1.png */ = {isa = PBXFileReference; lastKnownFileType = image.png; path = particle1.png; sourceTree = "<group>"; };
		D7ABDCFB2366874D00B6C54D /* GameScene.sks */ = {isa = PBXFileReference; lastKnownFileType = file.sks; name = GameScene.sks; path = ../../../../../../../.Trash/GameScene.sks; sourceTree = "<group>"; };
		D7ABDCFD236687AB00B6C54D /* PopParticle.sks */ = {isa = PBXFileReference; lastKnownFileType = file.sks; path = PopParticle.sks; sourceTree = "<group>"; };
		D7ABDCFE236687AB00B6C54D /* Assets.xcassets */ = {isa = PBXFileReference; lastKnownFileType = folder.assetcatalog; path = Assets.xcassets; sourceTree = "<group>"; };
		D7ABDD012368E7EF00B6C54D /* pausebutton2.png */ = {isa = PBXFileReference; lastKnownFileType = image.png; path = pausebutton2.png; sourceTree = "<group>"; };
		D7ABDD022368E7EF00B6C54D /* pausebutton1.png */ = {isa = PBXFileReference; lastKnownFileType = image.png; path = pausebutton1.png; sourceTree = "<group>"; };
		D7ABDD052369546E00B6C54D /* jellybutton2.png */ = {isa = PBXFileReference; lastKnownFileType = image.png; path = jellybutton2.png; sourceTree = "<group>"; };
		D7ABDD062369546E00B6C54D /* jellybutton1.png */ = {isa = PBXFileReference; lastKnownFileType = image.png; path = jellybutton1.png; sourceTree = "<group>"; };
		D7ABDD09236974E800B6C54D /* MenuScene.swift */ = {isa = PBXFileReference; lastKnownFileType = sourcecode.swift; path = MenuScene.swift; sourceTree = "<group>"; };
		D7ABDD0B2369864E00B6C54D /* StatsScene.swift */ = {isa = PBXFileReference; lastKnownFileType = sourcecode.swift; path = StatsScene.swift; sourceTree = "<group>"; };
		D7ABDD0D23698AE800B6C54D /* Profile.swift */ = {isa = PBXFileReference; lastKnownFileType = sourcecode.swift; path = Profile.swift; sourceTree = "<group>"; };
		D7ABDD0F2369911000B6C54D /* backButton1.png */ = {isa = PBXFileReference; lastKnownFileType = image.png; path = backButton1.png; sourceTree = "<group>"; };
		D7ABDD102369911100B6C54D /* backButton2.png */ = {isa = PBXFileReference; lastKnownFileType = image.png; path = backButton2.png; sourceTree = "<group>"; };
		D7D80CA42359FCF2002A2A45 /* firefall2.png */ = {isa = PBXFileReference; lastKnownFileType = image.png; path = firefall2.png; sourceTree = "<group>"; };
		D7D80CA52359FCF2002A2A45 /* firefall3.png */ = {isa = PBXFileReference; lastKnownFileType = image.png; path = firefall3.png; sourceTree = "<group>"; };
		D7D80CA62359FCF2002A2A45 /* firefall1.png */ = {isa = PBXFileReference; lastKnownFileType = image.png; path = firefall1.png; sourceTree = "<group>"; };
		D7D80CAA235B9C73002A2A45 /* firefall4.png */ = {isa = PBXFileReference; lastKnownFileType = image.png; path = firefall4.png; sourceTree = "<group>"; };
		D7D80CAC235B9F19002A2A45 /* grassfall1.png */ = {isa = PBXFileReference; lastKnownFileType = image.png; path = grassfall1.png; sourceTree = "<group>"; };
		D7D80CAD235B9F19002A2A45 /* grassfall2.png */ = {isa = PBXFileReference; lastKnownFileType = image.png; path = grassfall2.png; sourceTree = "<group>"; };
		D7D80CAE235B9F19002A2A45 /* grassfall3.png */ = {isa = PBXFileReference; lastKnownFileType = image.png; path = grassfall3.png; sourceTree = "<group>"; };
		D7D80CAF235B9F19002A2A45 /* grassfall4.png */ = {isa = PBXFileReference; lastKnownFileType = image.png; path = grassfall4.png; sourceTree = "<group>"; };
		D7D80CB4235BA075002A2A45 /* waterfall1.png */ = {isa = PBXFileReference; lastKnownFileType = image.png; path = waterfall1.png; sourceTree = "<group>"; };
		D7D80CB5235BA075002A2A45 /* waterfall4.png */ = {isa = PBXFileReference; lastKnownFileType = image.png; path = waterfall4.png; sourceTree = "<group>"; };
		D7D80CB6235BA076002A2A45 /* waterfall3.png */ = {isa = PBXFileReference; lastKnownFileType = image.png; path = waterfall3.png; sourceTree = "<group>"; };
		D7D80CB7235BA076002A2A45 /* waterfall2.png */ = {isa = PBXFileReference; lastKnownFileType = image.png; path = waterfall2.png; sourceTree = "<group>"; };
		D7D80CBC235BA2CF002A2A45 /* electricfall1.png */ = {isa = PBXFileReference; lastKnownFileType = image.png; path = electricfall1.png; sourceTree = "<group>"; };
		D7D80CBD235BA2CF002A2A45 /* electricfall2.png */ = {isa = PBXFileReference; lastKnownFileType = image.png; path = electricfall2.png; sourceTree = "<group>"; };
		D7D80CBE235BA2CF002A2A45 /* electricfall4.png */ = {isa = PBXFileReference; lastKnownFileType = image.png; path = electricfall4.png; sourceTree = "<group>"; };
		D7D80CBF235BA2CF002A2A45 /* electricfall3.png */ = {isa = PBXFileReference; lastKnownFileType = image.png; path = electricfall3.png; sourceTree = "<group>"; };
		D7D80CC4235BA2D7002A2A45 /* spookyfall3.png */ = {isa = PBXFileReference; lastKnownFileType = image.png; path = spookyfall3.png; sourceTree = "<group>"; };
		D7D80CC5235BA2D7002A2A45 /* spookyfall2.png */ = {isa = PBXFileReference; lastKnownFileType = image.png; path = spookyfall2.png; sourceTree = "<group>"; };
		D7D80CC6235BA2D8002A2A45 /* spookyfall4.png */ = {isa = PBXFileReference; lastKnownFileType = image.png; path = spookyfall4.png; sourceTree = "<group>"; };
		D7D80CC7235BA2D8002A2A45 /* spookyfall1.png */ = {isa = PBXFileReference; lastKnownFileType = image.png; path = spookyfall1.png; sourceTree = "<group>"; };
		D7D80CCC235BA76C002A2A45 /* fireflash.png */ = {isa = PBXFileReference; lastKnownFileType = image.png; path = fireflash.png; sourceTree = "<group>"; };
		D7D80CCD235BA76C002A2A45 /* grassflash.png */ = {isa = PBXFileReference; lastKnownFileType = image.png; path = grassflash.png; sourceTree = "<group>"; };
		D7D80CCE235BA76C002A2A45 /* electricflash.png */ = {isa = PBXFileReference; lastKnownFileType = image.png; path = electricflash.png; sourceTree = "<group>"; };
		D7D80CCF235BA76D002A2A45 /* spookyflash.png */ = {isa = PBXFileReference; lastKnownFileType = image.png; path = spookyflash.png; sourceTree = "<group>"; };
		D7D80CD0235BA76D002A2A45 /* waterflash.png */ = {isa = PBXFileReference; lastKnownFileType = image.png; path = waterflash.png; sourceTree = "<group>"; };
		D7D80CD6235BAC06002A2A45 /* electricshock.png */ = {isa = PBXFileReference; lastKnownFileType = image.png; path = electricshock.png; sourceTree = "<group>"; };
		D7D80CD7235BAC06002A2A45 /* watershock.png */ = {isa = PBXFileReference; lastKnownFileType = image.png; path = watershock.png; sourceTree = "<group>"; };
		D7D80CD8235BAC06002A2A45 /* spookyshock.png */ = {isa = PBXFileReference; lastKnownFileType = image.png; path = spookyshock.png; sourceTree = "<group>"; };
		D7D80CD9235BAC06002A2A45 /* fireshock.png */ = {isa = PBXFileReference; lastKnownFileType = image.png; path = fireshock.png; sourceTree = "<group>"; };
		D7D80CDA235BAC06002A2A45 /* grassshock.png */ = {isa = PBXFileReference; lastKnownFileType = image.png; path = grassshock.png; sourceTree = "<group>"; };
		D7D80CE0236134DB002A2A45 /* combo-9.png */ = {isa = PBXFileReference; lastKnownFileType = image.png; path = "combo-9.png"; sourceTree = "<group>"; };
		D7D80CE1236134DB002A2A45 /* combo-7.png */ = {isa = PBXFileReference; lastKnownFileType = image.png; path = "combo-7.png"; sourceTree = "<group>"; };
		D7D80CE2236134DB002A2A45 /* combo-5.png */ = {isa = PBXFileReference; lastKnownFileType = image.png; path = "combo-5.png"; sourceTree = "<group>"; };
		D7D80CE3236134DB002A2A45 /* combo-4.png */ = {isa = PBXFileReference; lastKnownFileType = image.png; path = "combo-4.png"; sourceTree = "<group>"; };
		D7D80CE4236134DC002A2A45 /* combo-8.png */ = {isa = PBXFileReference; lastKnownFileType = image.png; path = "combo-8.png"; sourceTree = "<group>"; };
		D7D80CE5236134DC002A2A45 /* combo-6.png */ = {isa = PBXFileReference; lastKnownFileType = image.png; path = "combo-6.png"; sourceTree = "<group>"; };
		D7D80CEC23614A91002A2A45 /* chain-6.png */ = {isa = PBXFileReference; lastKnownFileType = image.png; path = "chain-6.png"; sourceTree = "<group>"; };
		D7D80CED23614A91002A2A45 /* chain-4.png */ = {isa = PBXFileReference; lastKnownFileType = image.png; path = "chain-4.png"; sourceTree = "<group>"; };
		D7D80CEE23614A91002A2A45 /* chain-2.png */ = {isa = PBXFileReference; lastKnownFileType = image.png; path = "chain-2.png"; sourceTree = "<group>"; };
		D7D80CEF23614A91002A2A45 /* chain-5.png */ = {isa = PBXFileReference; lastKnownFileType = image.png; path = "chain-5.png"; sourceTree = "<group>"; };
		D7D80CF023614A91002A2A45 /* chain-3.png */ = {isa = PBXFileReference; lastKnownFileType = image.png; path = "chain-3.png"; sourceTree = "<group>"; };
		D7D80CF123614A91002A2A45 /* chain-8.png */ = {isa = PBXFileReference; lastKnownFileType = image.png; path = "chain-8.png"; sourceTree = "<group>"; };
		D7D80CF223614A92002A2A45 /* chain-9.png */ = {isa = PBXFileReference; lastKnownFileType = image.png; path = "chain-9.png"; sourceTree = "<group>"; };
		D7D80CF323614A92002A2A45 /* chain-7.png */ = {isa = PBXFileReference; lastKnownFileType = image.png; path = "chain-7.png"; sourceTree = "<group>"; };
		D7D80CFC2361FE86002A2A45 /* shine3.png */ = {isa = PBXFileReference; lastKnownFileType = image.png; path = shine3.png; sourceTree = "<group>"; };
		D7D80CFD2361FE86002A2A45 /* shine4.png */ = {isa = PBXFileReference; lastKnownFileType = image.png; path = shine4.png; sourceTree = "<group>"; };
		D7D80CFE2361FE86002A2A45 /* shine6.png */ = {isa = PBXFileReference; lastKnownFileType = image.png; path = shine6.png; sourceTree = "<group>"; };
		D7D80CFF2361FE86002A2A45 /* shine2.png */ = {isa = PBXFileReference; lastKnownFileType = image.png; path = shine2.png; sourceTree = "<group>"; };
		D7D80D002361FE86002A2A45 /* shine7.png */ = {isa = PBXFileReference; lastKnownFileType = image.png; path = shine7.png; sourceTree = "<group>"; };
		D7D80D012361FE87002A2A45 /* shine8.png */ = {isa = PBXFileReference; lastKnownFileType = image.png; path = shine8.png; sourceTree = "<group>"; };
		D7D80D022361FE87002A2A45 /* shine10.png */ = {isa = PBXFileReference; lastKnownFileType = image.png; path = shine10.png; sourceTree = "<group>"; };
		D7D80D032361FE87002A2A45 /* shine9.png */ = {isa = PBXFileReference; lastKnownFileType = image.png; path = shine9.png; sourceTree = "<group>"; };
		D7D80D042361FE87002A2A45 /* shine1.png */ = {isa = PBXFileReference; lastKnownFileType = image.png; path = shine1.png; sourceTree = "<group>"; };
		D7D80D052361FE87002A2A45 /* shine5.png */ = {isa = PBXFileReference; lastKnownFileType = image.png; path = shine5.png; sourceTree = "<group>"; };
		D7D80D10236201E9002A2A45 /* shine11.png */ = {isa = PBXFileReference; lastKnownFileType = image.png; path = shine11.png; sourceTree = "<group>"; };
		D7D80D1223622E50002A2A45 /* boostbutton1.png */ = {isa = PBXFileReference; lastKnownFileType = image.png; path = boostbutton1.png; sourceTree = "<group>"; };
		D7D80D1323622E50002A2A45 /* boostbutton2.png */ = {isa = PBXFileReference; lastKnownFileType = image.png; path = boostbutton2.png; sourceTree = "<group>"; };
		D7D80D162364C694002A2A45 /* FTButtonNode.swift */ = {isa = PBXFileReference; lastKnownFileType = sourcecode.swift; path = FTButtonNode.swift; sourceTree = "<group>"; };
		D7DF521D2344F06F00856752 /* Block.swift */ = {isa = PBXFileReference; lastKnownFileType = sourcecode.swift; path = Block.swift; sourceTree = "<group>"; };
/* End PBXFileReference section */

/* Begin PBXFrameworksBuildPhase section */
		D723219C233BA7A700ED8200 /* Frameworks */ = {
			isa = PBXFrameworksBuildPhase;
			buildActionMask = 2147483647;
			files = (
			);
			runOnlyForDeploymentPostprocessing = 0;
		};
/* End PBXFrameworksBuildPhase section */

/* Begin PBXGroup section */
		D70F58F0234B817900F4AF18 /* Sprites.atlas */ = {
			isa = PBXGroup;
			children = (
				D7ABDCFB2366874D00B6C54D /* GameScene.sks */,
				D7D80CD6235BAC06002A2A45 /* electricshock.png */,
				D7D80CD9235BAC06002A2A45 /* fireshock.png */,
				D7D80CDA235BAC06002A2A45 /* grassshock.png */,
				D7D80CD8235BAC06002A2A45 /* spookyshock.png */,
				D7D80CD7235BAC06002A2A45 /* watershock.png */,
				D7D80CCE235BA76C002A2A45 /* electricflash.png */,
				D7D80CCC235BA76C002A2A45 /* fireflash.png */,
				D7D80CCD235BA76C002A2A45 /* grassflash.png */,
				D7D80CCF235BA76D002A2A45 /* spookyflash.png */,
				D7D80CD0235BA76D002A2A45 /* waterflash.png */,
				D7D80CC7235BA2D8002A2A45 /* spookyfall1.png */,
				D7D80CC5235BA2D7002A2A45 /* spookyfall2.png */,
				D7D80CC4235BA2D7002A2A45 /* spookyfall3.png */,
				D7D80CC6235BA2D8002A2A45 /* spookyfall4.png */,
				D7D80CBC235BA2CF002A2A45 /* electricfall1.png */,
				D7D80CBD235BA2CF002A2A45 /* electricfall2.png */,
				D7D80CBF235BA2CF002A2A45 /* electricfall3.png */,
				D7D80CBE235BA2CF002A2A45 /* electricfall4.png */,
				D7D80CB4235BA075002A2A45 /* waterfall1.png */,
				D7D80CB7235BA076002A2A45 /* waterfall2.png */,
				D7D80CB6235BA076002A2A45 /* waterfall3.png */,
				D7D80CB5235BA075002A2A45 /* waterfall4.png */,
				D7D80CAC235B9F19002A2A45 /* grassfall1.png */,
				D7D80CAD235B9F19002A2A45 /* grassfall2.png */,
				D7D80CAE235B9F19002A2A45 /* grassfall3.png */,
				D7D80CAF235B9F19002A2A45 /* grassfall4.png */,
				D7D80CA62359FCF2002A2A45 /* firefall1.png */,
				D7D80CA42359FCF2002A2A45 /* firefall2.png */,
				D7D80CA52359FCF2002A2A45 /* firefall3.png */,
				D7D80CAA235B9C73002A2A45 /* firefall4.png */,
				D74080B12354B668006B46DF /* electric-Highlighted.png */,
				D74080B22354B668006B46DF /* fire-Highlighted.png */,
				D74080B32354B668006B46DF /* grass-Highlighted.png */,
				D74080B42354B668006B46DF /* spooky-Highlighted.png */,
				D74080B02354B668006B46DF /* water-Highlighted.png */,
				D70F58F6234B822100F4AF18 /* fire.png */,
				D70F58F4234B822100F4AF18 /* grass.png */,
				D70F58F3234B822100F4AF18 /* spooky.png */,
				D70F58F5234B822100F4AF18 /* water.png */,
				D70F58F1234B820900F4AF18 /* electric.png */,
				D7D80CE3236134DB002A2A45 /* combo-4.png */,
				D7D80CE2236134DB002A2A45 /* combo-5.png */,
				D7D80CE5236134DC002A2A45 /* combo-6.png */,
				D7D80CE1236134DB002A2A45 /* combo-7.png */,
				D7D80CE4236134DC002A2A45 /* combo-8.png */,
				D7D80CE0236134DB002A2A45 /* combo-9.png */,
				D7D80CEE23614A91002A2A45 /* chain-2.png */,
				D7D80CF023614A91002A2A45 /* chain-3.png */,
				D7D80CED23614A91002A2A45 /* chain-4.png */,
				D7D80CEF23614A91002A2A45 /* chain-5.png */,
				D7D80CEC23614A91002A2A45 /* chain-6.png */,
				D7D80CF323614A92002A2A45 /* chain-7.png */,
				D7D80CF123614A91002A2A45 /* chain-8.png */,
				D7D80CF223614A92002A2A45 /* chain-9.png */,
				D7D80D042361FE87002A2A45 /* shine1.png */,
				D7D80CFF2361FE86002A2A45 /* shine2.png */,
				D7D80CFC2361FE86002A2A45 /* shine3.png */,
				D7D80CFD2361FE86002A2A45 /* shine4.png */,
				D7D80D052361FE87002A2A45 /* shine5.png */,
				D7D80CFE2361FE86002A2A45 /* shine6.png */,
				D7D80D002361FE86002A2A45 /* shine7.png */,
				D7D80D012361FE87002A2A45 /* shine8.png */,
				D7D80D032361FE87002A2A45 /* shine9.png */,
				D7D80D022361FE87002A2A45 /* shine10.png */,
				D7D80D10236201E9002A2A45 /* shine11.png */,
				D7D80D1223622E50002A2A45 /* boostbutton1.png */,
				D7D80D1323622E50002A2A45 /* boostbutton2.png */,
				D7ABDD022368E7EF00B6C54D /* pausebutton1.png */,
				D7ABDD012368E7EF00B6C54D /* pausebutton2.png */,
				D7ABDD062369546E00B6C54D /* jellybutton1.png */,
				D7ABDD052369546E00B6C54D /* jellybutton2.png */,
				D7ABDCEB23666E5700B6C54D /* Scream1.png */,
				D7ABDCEE23666E5800B6C54D /* Scream2.png */,
				D7ABDCEA23666E5700B6C54D /* Scream3.png */,
				D7ABDCE923666E5700B6C54D /* Scream4.png */,
				D7ABDCEC23666E5700B6C54D /* Scream5.png */,
				D7ABDCED23666E5700B6C54D /* Scream6.png */,
				D7ABDCF92366864900B6C54D /* particle1.png */,
				D7ABDD0F2369911000B6C54D /* backButton1.png */,
				D7ABDD102369911100B6C54D /* backButton2.png */,
			);
			path = Sprites.atlas;
			sourceTree = "<group>";
		};
		D7232196233BA7A700ED8200 = {
			isa = PBXGroup;
			children = (
				D7ABDCFD236687AB00B6C54D /* PopParticle.sks */,
				D7ABDCFE236687AB00B6C54D /* Assets.xcassets */,
				D72321A1233BA7A800ED8200 /* p03_dirwin1 */,
				D72321A0233BA7A800ED8200 /* Products */,
			);
			sourceTree = "<group>";
		};
		D72321A0233BA7A800ED8200 /* Products */ = {
			isa = PBXGroup;
			children = (
				D723219F233BA7A800ED8200 /* p03_dirwin1.app */,
			);
			name = Products;
			sourceTree = "<group>";
		};
		D72321A1233BA7A800ED8200 /* p03_dirwin1 */ = {
			isa = PBXGroup;
			children = (
				D70F58F0234B817900F4AF18 /* Sprites.atlas */,
				D755BA2223478AB00020A691 /* GameScene.swift */,
				D7ABDD09236974E800B6C54D /* MenuScene.swift */,
				D7ABDD0B2369864E00B6C54D /* StatsScene.swift */,
				D72321A2233BA7A800ED8200 /* AppDelegate.swift */,
				D72321A6233BA7A800ED8200 /* Actions.sks */,
				D72321AA233BA7A800ED8200 /* GameViewController.swift */,
				D72321AC233BA7A800ED8200 /* Main.storyboard */,
				D72321AF233BA7AF00ED8200 /* Assets.xcassets */,
				D72321B1233BA7AF00ED8200 /* LaunchScreen.storyboard */,
				D72321B4233BA7AF00ED8200 /* Info.plist */,
				D7DF521D2344F06F00856752 /* Block.swift */,
				D755BA1C234784C40020A691 /* Level.swift */,
				D74080BA23552A3A006B46DF /* Point.swift */,
				D74080AE2350C93C006B46DF /* Swap.swift */,
				D7D80D162364C694002A2A45 /* FTButtonNode.swift */,
				D7ABDD0D23698AE800B6C54D /* Profile.swift */,
				D7ABDCF52366766400B6C54D /* kongtext.ttf */,
				D7ABDCF723667B7600B6C54D /* 712_serif.ttf */,
			);
			path = p03_dirwin1;
			sourceTree = "<group>";
		};
/* End PBXGroup section */

/* Begin PBXNativeTarget section */
		D723219E233BA7A700ED8200 /* p03_dirwin1 */ = {
			isa = PBXNativeTarget;
			buildConfigurationList = D72321B7233BA7AF00ED8200 /* Build configuration list for PBXNativeTarget "p03_dirwin1" */;
			buildPhases = (
				D723219B233BA7A700ED8200 /* Sources */,
				D723219C233BA7A700ED8200 /* Frameworks */,
				D723219D233BA7A700ED8200 /* Resources */,
			);
			buildRules = (
			);
			dependencies = (
			);
			name = p03_dirwin1;
			productName = p03_dirwin1;
			productReference = D723219F233BA7A800ED8200 /* p03_dirwin1.app */;
			productType = "com.apple.product-type.application";
		};
/* End PBXNativeTarget section */

/* Begin PBXProject section */
		D7232197233BA7A700ED8200 /* Project object */ = {
			isa = PBXProject;
			attributes = {
				LastSwiftUpdateCheck = 1100;
				LastUpgradeCheck = 1100;
				ORGANIZATIONNAME = "Dylan Irwin";
				TargetAttributes = {
					D723219E233BA7A700ED8200 = {
						CreatedOnToolsVersion = 11.0;
					};
				};
			};
			buildConfigurationList = D723219A233BA7A700ED8200 /* Build configuration list for PBXProject "p03_dirwin1" */;
			compatibilityVersion = "Xcode 9.3";
			developmentRegion = en;
			hasScannedForEncodings = 0;
			knownRegions = (
				en,
				Base,
			);
			mainGroup = D7232196233BA7A700ED8200;
			productRefGroup = D72321A0233BA7A800ED8200 /* Products */;
			projectDirPath = "";
			projectRoot = "";
			targets = (
				D723219E233BA7A700ED8200 /* p03_dirwin1 */,
			);
		};
/* End PBXProject section */

/* Begin PBXResourcesBuildPhase section */
		D723219D233BA7A700ED8200 /* Resources */ = {
			isa = PBXResourcesBuildPhase;
			buildActionMask = 2147483647;
			files = (
				D7D80CBB235BA076002A2A45 /* waterfall2.png in Resources */,
				D7D80D11236201E9002A2A45 /* shine11.png in Resources */,
				D7D80CBA235BA076002A2A45 /* waterfall3.png in Resources */,
				D7ABDD032368E7EF00B6C54D /* pausebutton2.png in Resources */,
				D74080B72354B668006B46DF /* fire-Highlighted.png in Resources */,
				D70F58F2234B820900F4AF18 /* electric.png in Resources */,
				D7D80CCA235BA2D8002A2A45 /* spookyfall4.png in Resources */,
				D7D80CC2235BA2CF002A2A45 /* electricfall4.png in Resources */,
				D7D80CDD235BAC06002A2A45 /* spookyshock.png in Resources */,
				D7D80CFA23614A92002A2A45 /* chain-9.png in Resources */,
				D72321AE233BA7A800ED8200 /* Main.storyboard in Resources */,
				D7ABDCF023666E5800B6C54D /* Scream3.png in Resources */,
				D7D80CDB235BAC06002A2A45 /* electricshock.png in Resources */,
				D7D80CDF235BAC06002A2A45 /* grassshock.png in Resources */,
				D7D80D0A2361FE87002A2A45 /* shine7.png in Resources */,
				D7D80CC1235BA2CF002A2A45 /* electricfall2.png in Resources */,
				D7D80D0E2361FE87002A2A45 /* shine1.png in Resources */,
				D7ABDCFC2366874D00B6C54D /* GameScene.sks in Resources */,
				D7ABDD00236687AB00B6C54D /* Assets.xcassets in Resources */,
				D7D80CB8235BA076002A2A45 /* waterfall1.png in Resources */,
				D7D80CE9236134DC002A2A45 /* combo-4.png in Resources */,
				D7ABDCF623667A1100B6C54D /* kongtext.ttf in Resources */,
				D7D80D062361FE87002A2A45 /* shine3.png in Resources */,
				D7D80CE7236134DC002A2A45 /* combo-7.png in Resources */,
				D7D80CD5235BA76D002A2A45 /* waterflash.png in Resources */,
				D7D80CF623614A92002A2A45 /* chain-2.png in Resources */,
				D72321B0233BA7AF00ED8200 /* Assets.xcassets in Resources */,
				D7D80CC9235BA2D8002A2A45 /* spookyfall2.png in Resources */,
				D7ABDCEF23666E5800B6C54D /* Scream4.png in Resources */,
				D7ABDD122369911100B6C54D /* backButton2.png in Resources */,
				D7ABDD042368E7EF00B6C54D /* pausebutton1.png in Resources */,
				D7D80CA82359FCF2002A2A45 /* firefall3.png in Resources */,
				D7D80CD3235BA76D002A2A45 /* electricflash.png in Resources */,
				D7D80CC3235BA2CF002A2A45 /* electricfall3.png in Resources */,
				D74080B62354B668006B46DF /* electric-Highlighted.png in Resources */,
				D74080B82354B668006B46DF /* grass-Highlighted.png in Resources */,
				D7D80CCB235BA2D8002A2A45 /* spookyfall1.png in Resources */,
				D7D80CA72359FCF2002A2A45 /* firefall2.png in Resources */,
				D7D80D1423622E50002A2A45 /* boostbutton1.png in Resources */,
				D7ABDCF323666E5800B6C54D /* Scream6.png in Resources */,
				D7D80CB1235B9F19002A2A45 /* grassfall2.png in Resources */,
				D7ABDD112369911100B6C54D /* backButton1.png in Resources */,
				D7D80CB9235BA076002A2A45 /* waterfall4.png in Resources */,
				D7D80D082361FE87002A2A45 /* shine6.png in Resources */,
				D7ABDCF123666E5800B6C54D /* Scream1.png in Resources */,
				D7ABDD072369546E00B6C54D /* jellybutton2.png in Resources */,
				D70F58F8234B822100F4AF18 /* grass.png in Resources */,
				D7D80CB2235B9F19002A2A45 /* grassfall3.png in Resources */,
				D7D80CA92359FCF2002A2A45 /* firefall1.png in Resources */,
				D7D80D0B2361FE87002A2A45 /* shine8.png in Resources */,
				D7D80D092361FE87002A2A45 /* shine2.png in Resources */,
				D70F58FA234B822100F4AF18 /* fire.png in Resources */,
				D70F58F9234B822100F4AF18 /* water.png in Resources */,
				D7ABDCFF236687AB00B6C54D /* PopParticle.sks in Resources */,
				D7D80CC0235BA2CF002A2A45 /* electricfall1.png in Resources */,
				D7D80CEA236134DC002A2A45 /* combo-8.png in Resources */,
				D7D80CE8236134DC002A2A45 /* combo-5.png in Resources */,
				D7ABDCF423666E5800B6C54D /* Scream2.png in Resources */,
				D72321B3233BA7AF00ED8200 /* LaunchScreen.storyboard in Resources */,
				D7D80CF423614A92002A2A45 /* chain-6.png in Resources */,
				D7D80CE6236134DC002A2A45 /* combo-9.png in Resources */,
				D7D80D1523622E50002A2A45 /* boostbutton2.png in Resources */,
				D7D80CF523614A92002A2A45 /* chain-4.png in Resources */,
				D72321A7233BA7A800ED8200 /* Actions.sks in Resources */,
				D7ABDCF223666E5800B6C54D /* Scream5.png in Resources */,
				D7D80CF823614A92002A2A45 /* chain-3.png in Resources */,
				D7D80CD2235BA76D002A2A45 /* grassflash.png in Resources */,
				D7D80CC8235BA2D8002A2A45 /* spookyfall3.png in Resources */,
				D74080B92354B668006B46DF /* spooky-Highlighted.png in Resources */,
				D7D80D0F2361FE87002A2A45 /* shine5.png in Resources */,
				D74080B52354B668006B46DF /* water-Highlighted.png in Resources */,
				D7ABDD082369546E00B6C54D /* jellybutton1.png in Resources */,
				D7D80CFB23614A92002A2A45 /* chain-7.png in Resources */,
				D7D80CB0235B9F19002A2A45 /* grassfall1.png in Resources */,
				D7D80CD1235BA76D002A2A45 /* fireflash.png in Resources */,
				D7D80CF723614A92002A2A45 /* chain-5.png in Resources */,
				D7D80D072361FE87002A2A45 /* shine4.png in Resources */,
				D7D80CF923614A92002A2A45 /* chain-8.png in Resources */,
				D70F58F7234B822100F4AF18 /* spooky.png in Resources */,
				D7D80CAB235B9C73002A2A45 /* firefall4.png in Resources */,
				D7D80CB3235B9F19002A2A45 /* grassfall4.png in Resources */,
				D7D80CDC235BAC06002A2A45 /* watershock.png in Resources */,
				D7D80CDE235BAC06002A2A45 /* fireshock.png in Resources */,
				D7ABDCF823667B9400B6C54D /* 712_serif.ttf in Resources */,
				D7ABDCFA2366864900B6C54D /* particle1.png in Resources */,
				D7D80CD4235BA76D002A2A45 /* spookyflash.png in Resources */,
				D7D80D0C2361FE87002A2A45 /* shine10.png in Resources */,
				D7D80D0D2361FE87002A2A45 /* shine9.png in Resources */,
				D7D80CEB236134DC002A2A45 /* combo-6.png in Resources */,
			);
			runOnlyForDeploymentPostprocessing = 0;
		};
/* End PBXResourcesBuildPhase section */

/* Begin PBXSourcesBuildPhase section */
		D723219B233BA7A700ED8200 /* Sources */ = {
			isa = PBXSourcesBuildPhase;
			buildActionMask = 2147483647;
			files = (
				D755BA2323478AB00020A691 /* GameScene.swift in Sources */,
				D7D80D172364C694002A2A45 /* FTButtonNode.swift in Sources */,
				D7DF521E2344F06F00856752 /* Block.swift in Sources */,
				D7ABDD0A236974E800B6C54D /* MenuScene.swift in Sources */,
				D74080AF2350C93C006B46DF /* Swap.swift in Sources */,
				D72321AB233BA7A800ED8200 /* GameViewController.swift in Sources */,
				D74080BB23552A3A006B46DF /* Point.swift in Sources */,
				D755BA1D234784C40020A691 /* Level.swift in Sources */,
				D7ABDD0E23698AE800B6C54D /* Profile.swift in Sources */,
				D7ABDD0C2369864E00B6C54D /* StatsScene.swift in Sources */,
				D72321A3233BA7A800ED8200 /* AppDelegate.swift in Sources */,
			);
			runOnlyForDeploymentPostprocessing = 0;
		};
/* End PBXSourcesBuildPhase section */

/* Begin PBXVariantGroup section */
		D72321AC233BA7A800ED8200 /* Main.storyboard */ = {
			isa = PBXVariantGroup;
			children = (
				D72321AD233BA7A800ED8200 /* Base */,
			);
			name = Main.storyboard;
			sourceTree = "<group>";
		};
		D72321B1233BA7AF00ED8200 /* LaunchScreen.storyboard */ = {
			isa = PBXVariantGroup;
			children = (
				D72321B2233BA7AF00ED8200 /* Base */,
			);
			name = LaunchScreen.storyboard;
			sourceTree = "<group>";
		};
/* End PBXVariantGroup section */

/* Begin XCBuildConfiguration section */
		D72321B5233BA7AF00ED8200 /* Debug */ = {
			isa = XCBuildConfiguration;
			buildSettings = {
				ALWAYS_SEARCH_USER_PATHS = NO;
				CLANG_ANALYZER_NONNULL = YES;
				CLANG_ANALYZER_NUMBER_OBJECT_CONVERSION = YES_AGGRESSIVE;
				CLANG_CXX_LANGUAGE_STANDARD = "gnu++14";
				CLANG_CXX_LIBRARY = "libc++";
				CLANG_ENABLE_MODULES = YES;
				CLANG_ENABLE_OBJC_ARC = YES;
				CLANG_ENABLE_OBJC_WEAK = YES;
				CLANG_WARN_BLOCK_CAPTURE_AUTORELEASING = YES;
				CLANG_WARN_BOOL_CONVERSION = YES;
				CLANG_WARN_COMMA = YES;
				CLANG_WARN_CONSTANT_CONVERSION = YES;
				CLANG_WARN_DEPRECATED_OBJC_IMPLEMENTATIONS = YES;
				CLANG_WARN_DIRECT_OBJC_ISA_USAGE = YES_ERROR;
				CLANG_WARN_DOCUMENTATION_COMMENTS = YES;
				CLANG_WARN_EMPTY_BODY = YES;
				CLANG_WARN_ENUM_CONVERSION = YES;
				CLANG_WARN_INFINITE_RECURSION = YES;
				CLANG_WARN_INT_CONVERSION = YES;
				CLANG_WARN_NON_LITERAL_NULL_CONVERSION = YES;
				CLANG_WARN_OBJC_IMPLICIT_RETAIN_SELF = YES;
				CLANG_WARN_OBJC_LITERAL_CONVERSION = YES;
				CLANG_WARN_OBJC_ROOT_CLASS = YES_ERROR;
				CLANG_WARN_RANGE_LOOP_ANALYSIS = YES;
				CLANG_WARN_STRICT_PROTOTYPES = YES;
				CLANG_WARN_SUSPICIOUS_MOVE = YES;
				CLANG_WARN_UNGUARDED_AVAILABILITY = YES_AGGRESSIVE;
				CLANG_WARN_UNREACHABLE_CODE = YES;
				CLANG_WARN__DUPLICATE_METHOD_MATCH = YES;
				COPY_PHASE_STRIP = NO;
				DEBUG_INFORMATION_FORMAT = dwarf;
				ENABLE_STRICT_OBJC_MSGSEND = YES;
				ENABLE_TESTABILITY = YES;
				GCC_C_LANGUAGE_STANDARD = gnu11;
				GCC_DYNAMIC_NO_PIC = NO;
				GCC_NO_COMMON_BLOCKS = YES;
				GCC_OPTIMIZATION_LEVEL = 0;
				GCC_PREPROCESSOR_DEFINITIONS = (
					"DEBUG=1",
					"$(inherited)",
				);
				GCC_WARN_64_TO_32_BIT_CONVERSION = YES;
				GCC_WARN_ABOUT_RETURN_TYPE = YES_ERROR;
				GCC_WARN_UNDECLARED_SELECTOR = YES;
				GCC_WARN_UNINITIALIZED_AUTOS = YES_AGGRESSIVE;
				GCC_WARN_UNUSED_FUNCTION = YES;
				GCC_WARN_UNUSED_VARIABLE = YES;
				IPHONEOS_DEPLOYMENT_TARGET = 13.0;
				MTL_ENABLE_DEBUG_INFO = INCLUDE_SOURCE;
				MTL_FAST_MATH = YES;
				ONLY_ACTIVE_ARCH = YES;
				SDKROOT = iphoneos;
				SWIFT_ACTIVE_COMPILATION_CONDITIONS = DEBUG;
				SWIFT_OPTIMIZATION_LEVEL = "-Onone";
			};
			name = Debug;
		};
		D72321B6233BA7AF00ED8200 /* Release */ = {
			isa = XCBuildConfiguration;
			buildSettings = {
				ALWAYS_SEARCH_USER_PATHS = NO;
				CLANG_ANALYZER_NONNULL = YES;
				CLANG_ANALYZER_NUMBER_OBJECT_CONVERSION = YES_AGGRESSIVE;
				CLANG_CXX_LANGUAGE_STANDARD = "gnu++14";
				CLANG_CXX_LIBRARY = "libc++";
				CLANG_ENABLE_MODULES = YES;
				CLANG_ENABLE_OBJC_ARC = YES;
				CLANG_ENABLE_OBJC_WEAK = YES;
				CLANG_WARN_BLOCK_CAPTURE_AUTORELEASING = YES;
				CLANG_WARN_BOOL_CONVERSION = YES;
				CLANG_WARN_COMMA = YES;
				CLANG_WARN_CONSTANT_CONVERSION = YES;
				CLANG_WARN_DEPRECATED_OBJC_IMPLEMENTATIONS = YES;
				CLANG_WARN_DIRECT_OBJC_ISA_USAGE = YES_ERROR;
				CLANG_WARN_DOCUMENTATION_COMMENTS = YES;
				CLANG_WARN_EMPTY_BODY = YES;
				CLANG_WARN_ENUM_CONVERSION = YES;
				CLANG_WARN_INFINITE_RECURSION = YES;
				CLANG_WARN_INT_CONVERSION = YES;
				CLANG_WARN_NON_LITERAL_NULL_CONVERSION = YES;
				CLANG_WARN_OBJC_IMPLICIT_RETAIN_SELF = YES;
				CLANG_WARN_OBJC_LITERAL_CONVERSION = YES;
				CLANG_WARN_OBJC_ROOT_CLASS = YES_ERROR;
				CLANG_WARN_RANGE_LOOP_ANALYSIS = YES;
				CLANG_WARN_STRICT_PROTOTYPES = YES;
				CLANG_WARN_SUSPICIOUS_MOVE = YES;
				CLANG_WARN_UNGUARDED_AVAILABILITY = YES_AGGRESSIVE;
				CLANG_WARN_UNREACHABLE_CODE = YES;
				CLANG_WARN__DUPLICATE_METHOD_MATCH = YES;
				COPY_PHASE_STRIP = NO;
				DEBUG_INFORMATION_FORMAT = "dwarf-with-dsym";
				ENABLE_NS_ASSERTIONS = NO;
				ENABLE_STRICT_OBJC_MSGSEND = YES;
				GCC_C_LANGUAGE_STANDARD = gnu11;
				GCC_NO_COMMON_BLOCKS = YES;
				GCC_WARN_64_TO_32_BIT_CONVERSION = YES;
				GCC_WARN_ABOUT_RETURN_TYPE = YES_ERROR;
				GCC_WARN_UNDECLARED_SELECTOR = YES;
				GCC_WARN_UNINITIALIZED_AUTOS = YES_AGGRESSIVE;
				GCC_WARN_UNUSED_FUNCTION = YES;
				GCC_WARN_UNUSED_VARIABLE = YES;
				IPHONEOS_DEPLOYMENT_TARGET = 13.0;
				MTL_ENABLE_DEBUG_INFO = NO;
				MTL_FAST_MATH = YES;
				SDKROOT = iphoneos;
				SWIFT_COMPILATION_MODE = wholemodule;
				SWIFT_OPTIMIZATION_LEVEL = "-O";
				VALIDATE_PRODUCT = YES;
			};
			name = Release;
		};
		D72321B8233BA7AF00ED8200 /* Debug */ = {
			isa = XCBuildConfiguration;
			buildSettings = {
				ASSETCATALOG_COMPILER_APPICON_NAME = AppIcon;
				CODE_SIGN_STYLE = Automatic;
				DEVELOPMENT_TEAM = J8CH8K2H67;
				INFOPLIST_FILE = p03_dirwin1/Info.plist;
				IPHONEOS_DEPLOYMENT_TARGET = 12.4;
				LD_RUNPATH_SEARCH_PATHS = (
					"$(inherited)",
					"@executable_path/Frameworks",
				);
				PRODUCT_BUNDLE_IDENTIFIER = "com.DylanIrwin.p03-dirwin1";
				PRODUCT_NAME = "$(TARGET_NAME)";
				SWIFT_VERSION = 5.0;
				TARGETED_DEVICE_FAMILY = "1,2";
			};
			name = Debug;
		};
		D72321B9233BA7AF00ED8200 /* Release */ = {
			isa = XCBuildConfiguration;
			buildSettings = {
				ASSETCATALOG_COMPILER_APPICON_NAME = AppIcon;
				CODE_SIGN_STYLE = Automatic;
				DEVELOPMENT_TEAM = J8CH8K2H67;
				INFOPLIST_FILE = p03_dirwin1/Info.plist;
				IPHONEOS_DEPLOYMENT_TARGET = 12.4;
				LD_RUNPATH_SEARCH_PATHS = (
					"$(inherited)",
					"@executable_path/Frameworks",
				);
				PRODUCT_BUNDLE_IDENTIFIER = "com.DylanIrwin.p03-dirwin1";
				PRODUCT_NAME = "$(TARGET_NAME)";
				SWIFT_VERSION = 5.0;
				TARGETED_DEVICE_FAMILY = "1,2";
			};
			name = Release;
		};
/* End XCBuildConfiguration section */

/* Begin XCConfigurationList section */
		D723219A233BA7A700ED8200 /* Build configuration list for PBXProject "p03_dirwin1" */ = {
			isa = XCConfigurationList;
			buildConfigurations = (
				D72321B5233BA7AF00ED8200 /* Debug */,
				D72321B6233BA7AF00ED8200 /* Release */,
			);
			defaultConfigurationIsVisible = 0;
			defaultConfigurationName = Release;
		};
		D72321B7233BA7AF00ED8200 /* Build configuration list for PBXNativeTarget "p03_dirwin1" */ = {
			isa = XCConfigurationList;
			buildConfigurations = (
				D72321B8233BA7AF00ED8200 /* Debug */,
				D72321B9233BA7AF00ED8200 /* Release */,
			);
			defaultConfigurationIsVisible = 0;
			defaultConfigurationName = Release;
		};
/* End XCConfigurationList section */
	};
	rootObject = D7232197233BA7A700ED8200 /* Project object */;
}
