// !$*UTF8*$!
{
	archiveVersion = 1;
	classes = {
	};
	objectVersion = 50;
	objects = {

/* Begin PBXBuildFile section */
		D70F58F2234B820900F4AF18 /* electric.png in Resources */ = {isa = PBXBuildFile; fileRef = D70F58F1234B820900F4AF18 /* electric.png */; };
		D70F58F7234B822100F4AF18 /* spooky.png in Resources */ = {isa = PBXBuildFile; fileRef = D70F58F3234B822100F4AF18 /* spooky.png */; };
		D70F58F8234B822100F4AF18 /* grass.png in Resources */ = {isa = PBXBuildFile; fileRef = D70F58F4234B822100F4AF18 /* grass.png */; };
		D70F58F9234B822100F4AF18 /* water.png in Resources */ = {isa = PBXBuildFile; fileRef = D70F58F5234B822100F4AF18 /* water.png */; };
		D70F58FA234B822100F4AF18 /* fire.png in Resources */ = {isa = PBXBuildFile; fileRef = D70F58F6234B822100F4AF18 /* fire.png */; };
		D72321A3233BA7A800ED8200 /* AppDelegate.swift in Sources */ = {isa = PBXBuildFile; fileRef = D72321A2233BA7A800ED8200 /* AppDelegate.swift */; };
		D72321A7233BA7A800ED8200 /* Actions.sks in Resources */ = {isa = PBXBuildFile; fileRef = D72321A6233BA7A800ED8200 /* Actions.sks */; };
		D72321AB233BA7A800ED8200 /* GameViewController.swift in Sources */ = {isa = PBXBuildFile; fileRef = D72321AA233BA7A800ED8200 /* GameViewController.swift */; };
		D72321AE233BA7A800ED8200 /* Main.storyboard in Resources */ = {isa = PBXBuildFile; fileRef = D72321AC233BA7A800ED8200 /* Main.storyboard */; };
		D72321B0233BA7AF00ED8200 /* Assets.xcassets in Resources */ = {isa = PBXBuildFile; fileRef = D72321AF233BA7AF00ED8200 /* Assets.xcassets */; };
		D72321B3233BA7AF00ED8200 /* LaunchScreen.storyboard in Resources */ = {isa = PBXBuildFile; fileRef = D72321B1233BA7AF00ED8200 /* LaunchScreen.storyboard */; };
		D74080AF2350C93C006B46DF /* Swap.swift in Sources */ = {isa = PBXBuildFile; fileRef = D74080AE2350C93C006B46DF /* Swap.swift */; };
		D74080B52354B668006B46DF /* water-Highlighted.png in Resources */ = {isa = PBXBuildFile; fileRef = D74080B02354B668006B46DF /* water-Highlighted.png */; };
		D74080B62354B668006B46DF /* electric-Highlighted.png in Resources */ = {isa = PBXBuildFile; fileRef = D74080B12354B668006B46DF /* electric-Highlighted.png */; };
		D74080B72354B668006B46DF /* fire-Highlighted.png in Resources */ = {isa = PBXBuildFile; fileRef = D74080B22354B668006B46DF /* fire-Highlighted.png */; };
		D74080B82354B668006B46DF /* grass-Highlighted.png in Resources */ = {isa = PBXBuildFile; fileRef = D74080B32354B668006B46DF /* grass-Highlighted.png */; };
		D74080B92354B668006B46DF /* spooky-Highlighted.png in Resources */ = {isa = PBXBuildFile; fileRef = D74080B42354B668006B46DF /* spooky-Highlighted.png */; };
		D74080BB23552A3A006B46DF /* Point.swift in Sources */ = {isa = PBXBuildFile; fileRef = D74080BA23552A3A006B46DF /* Point.swift */; };
		D755BA1D234784C40020A691 /* Level.swift in Sources */ = {isa = PBXBuildFile; fileRef = D755BA1C234784C40020A691 /* Level.swift */; };
		D755BA1F23478A3F0020A691 /* GameScene.sks in Resources */ = {isa = PBXBuildFile; fileRef = D755BA1E23478A3F0020A691 /* GameScene.sks */; };
		D755BA2323478AB00020A691 /* GameScene.swift in Sources */ = {isa = PBXBuildFile; fileRef = D755BA2223478AB00020A691 /* GameScene.swift */; };
		D7D80CA72359FCF2002A2A45 /* firefall2.png in Resources */ = {isa = PBXBuildFile; fileRef = D7D80CA42359FCF2002A2A45 /* firefall2.png */; };
		D7D80CA82359FCF2002A2A45 /* firefall3.png in Resources */ = {isa = PBXBuildFile; fileRef = D7D80CA52359FCF2002A2A45 /* firefall3.png */; };
		D7D80CA92359FCF2002A2A45 /* firefall1.png in Resources */ = {isa = PBXBuildFile; fileRef = D7D80CA62359FCF2002A2A45 /* firefall1.png */; };
		D7DF521E2344F06F00856752 /* Block.swift in Sources */ = {isa = PBXBuildFile; fileRef = D7DF521D2344F06F00856752 /* Block.swift */; };
/* End PBXBuildFile section */

/* Begin PBXFileReference section */
		D70F58F1234B820900F4AF18 /* electric.png */ = {isa = PBXFileReference; lastKnownFileType = image.png; name = electric.png; path = p03_dirwin1/Assets.xcassets/electric.png; sourceTree = SOURCE_ROOT; };
		D70F58F3234B822100F4AF18 /* spooky.png */ = {isa = PBXFileReference; lastKnownFileType = image.png; name = spooky.png; path = p03_dirwin1/Assets.xcassets/spooky.png; sourceTree = SOURCE_ROOT; };
		D70F58F4234B822100F4AF18 /* grass.png */ = {isa = PBXFileReference; lastKnownFileType = image.png; name = grass.png; path = p03_dirwin1/Assets.xcassets/grass.png; sourceTree = SOURCE_ROOT; };
		D70F58F5234B822100F4AF18 /* water.png */ = {isa = PBXFileReference; lastKnownFileType = image.png; name = water.png; path = p03_dirwin1/Assets.xcassets/water.png; sourceTree = SOURCE_ROOT; };
		D70F58F6234B822100F4AF18 /* fire.png */ = {isa = PBXFileReference; lastKnownFileType = image.png; name = fire.png; path = p03_dirwin1/Assets.xcassets/fire.png; sourceTree = SOURCE_ROOT; };
		D723219F233BA7A800ED8200 /* p03_dirwin1.app */ = {isa = PBXFileReference; explicitFileType = wrapper.application; includeInIndex = 0; path = p03_dirwin1.app; sourceTree = BUILT_PRODUCTS_DIR; };
		D72321A2233BA7A800ED8200 /* AppDelegate.swift */ = {isa = PBXFileReference; lastKnownFileType = sourcecode.swift; path = AppDelegate.swift; sourceTree = "<group>"; };
		D72321A6233BA7A800ED8200 /* Actions.sks */ = {isa = PBXFileReference; lastKnownFileType = file.sks; path = Actions.sks; sourceTree = "<group>"; };
		D72321AA233BA7A800ED8200 /* GameViewController.swift */ = {isa = PBXFileReference; lastKnownFileType = sourcecode.swift; path = GameViewController.swift; sourceTree = "<group>"; };
		D72321AD233BA7A800ED8200 /* Base */ = {isa = PBXFileReference; lastKnownFileType = file.storyboard; name = Base; path = Base.lproj/Main.storyboard; sourceTree = "<group>"; };
		D72321AF233BA7AF00ED8200 /* Assets.xcassets */ = {isa = PBXFileReference; lastKnownFileType = folder.assetcatalog; path = Assets.xcassets; sourceTree = "<group>"; };
		D72321B2233BA7AF00ED8200 /* Base */ = {isa = PBXFileReference; lastKnownFileType = file.storyboard; name = Base; path = Base.lproj/LaunchScreen.storyboard; sourceTree = "<group>"; };
		D72321B4233BA7AF00ED8200 /* Info.plist */ = {isa = PBXFileReference; lastKnownFileType = text.plist.xml; path = Info.plist; sourceTree = "<group>"; };
		D74080AE2350C93C006B46DF /* Swap.swift */ = {isa = PBXFileReference; lastKnownFileType = sourcecode.swift; path = Swap.swift; sourceTree = "<group>"; };
		D74080B02354B668006B46DF /* water-Highlighted.png */ = {isa = PBXFileReference; lastKnownFileType = image.png; path = "water-Highlighted.png"; sourceTree = "<group>"; };
		D74080B12354B668006B46DF /* electric-Highlighted.png */ = {isa = PBXFileReference; lastKnownFileType = image.png; path = "electric-Highlighted.png"; sourceTree = "<group>"; };
		D74080B22354B668006B46DF /* fire-Highlighted.png */ = {isa = PBXFileReference; lastKnownFileType = image.png; path = "fire-Highlighted.png"; sourceTree = "<group>"; };
		D74080B32354B668006B46DF /* grass-Highlighted.png */ = {isa = PBXFileReference; lastKnownFileType = image.png; path = "grass-Highlighted.png"; sourceTree = "<group>"; };
		D74080B42354B668006B46DF /* spooky-Highlighted.png */ = {isa = PBXFileReference; lastKnownFileType = image.png; path = "spooky-Highlighted.png"; sourceTree = "<group>"; };
		D74080BA23552A3A006B46DF /* Point.swift */ = {isa = PBXFileReference; lastKnownFileType = sourcecode.swift; path = Point.swift; sourceTree = "<group>"; };
		D755BA1C234784C40020A691 /* Level.swift */ = {isa = PBXFileReference; lastKnownFileType = sourcecode.swift; path = Level.swift; sourceTree = "<group>"; };
		D755BA1E23478A3F0020A691 /* GameScene.sks */ = {isa = PBXFileReference; lastKnownFileType = file.sks; path = GameScene.sks; sourceTree = "<group>"; };
		D755BA2223478AB00020A691 /* GameScene.swift */ = {isa = PBXFileReference; lastKnownFileType = sourcecode.swift; path = GameScene.swift; sourceTree = "<group>"; };
		D7D80CA42359FCF2002A2A45 /* firefall2.png */ = {isa = PBXFileReference; lastKnownFileType = image.png; path = firefall2.png; sourceTree = "<group>"; };
		D7D80CA52359FCF2002A2A45 /* firefall3.png */ = {isa = PBXFileReference; lastKnownFileType = image.png; path = firefall3.png; sourceTree = "<group>"; };
		D7D80CA62359FCF2002A2A45 /* firefall1.png */ = {isa = PBXFileReference; lastKnownFileType = image.png; path = firefall1.png; sourceTree = "<group>"; };
		D7DF521D2344F06F00856752 /* Block.swift */ = {isa = PBXFileReference; lastKnownFileType = sourcecode.swift; path = Block.swift; sourceTree = "<group>"; };
/* End PBXFileReference section */

/* Begin PBXFrameworksBuildPhase section */
		D723219C233BA7A700ED8200 /* Frameworks */ = {
			isa = PBXFrameworksBuildPhase;
			buildActionMask = 2147483647;
			files = (
			);
			runOnlyForDeploymentPostprocessing = 0;
		};
/* End PBXFrameworksBuildPhase section */

/* Begin PBXGroup section */
		D70F58F0234B817900F4AF18 /* Sprites.atlas */ = {
			isa = PBXGroup;
			children = (
				D7D80CA62359FCF2002A2A45 /* firefall1.png */,
				D7D80CA42359FCF2002A2A45 /* firefall2.png */,
				D7D80CA52359FCF2002A2A45 /* firefall3.png */,
				D74080B12354B668006B46DF /* electric-Highlighted.png */,
				D74080B22354B668006B46DF /* fire-Highlighted.png */,
				D74080B32354B668006B46DF /* grass-Highlighted.png */,
				D74080B42354B668006B46DF /* spooky-Highlighted.png */,
				D74080B02354B668006B46DF /* water-Highlighted.png */,
				D70F58F6234B822100F4AF18 /* fire.png */,
				D70F58F4234B822100F4AF18 /* grass.png */,
				D70F58F3234B822100F4AF18 /* spooky.png */,
				D70F58F5234B822100F4AF18 /* water.png */,
				D70F58F1234B820900F4AF18 /* electric.png */,
			);
			path = Sprites.atlas;
			sourceTree = "<group>";
		};
		D7232196233BA7A700ED8200 = {
			isa = PBXGroup;
			children = (
				D72321A1233BA7A800ED8200 /* p03_dirwin1 */,
				D72321A0233BA7A800ED8200 /* Products */,
			);
			sourceTree = "<group>";
		};
		D72321A0233BA7A800ED8200 /* Products */ = {
			isa = PBXGroup;
			children = (
				D723219F233BA7A800ED8200 /* p03_dirwin1.app */,
			);
			name = Products;
			sourceTree = "<group>";
		};
		D72321A1233BA7A800ED8200 /* p03_dirwin1 */ = {
			isa = PBXGroup;
			children = (
				D70F58F0234B817900F4AF18 /* Sprites.atlas */,
				D755BA2223478AB00020A691 /* GameScene.swift */,
				D72321A2233BA7A800ED8200 /* AppDelegate.swift */,
				D72321A6233BA7A800ED8200 /* Actions.sks */,
				D72321AA233BA7A800ED8200 /* GameViewController.swift */,
				D755BA1E23478A3F0020A691 /* GameScene.sks */,
				D72321AC233BA7A800ED8200 /* Main.storyboard */,
				D72321AF233BA7AF00ED8200 /* Assets.xcassets */,
				D72321B1233BA7AF00ED8200 /* LaunchScreen.storyboard */,
				D72321B4233BA7AF00ED8200 /* Info.plist */,
				D7DF521D2344F06F00856752 /* Block.swift */,
				D755BA1C234784C40020A691 /* Level.swift */,
				D74080BA23552A3A006B46DF /* Point.swift */,
				D74080AE2350C93C006B46DF /* Swap.swift */,
			);
			path = p03_dirwin1;
			sourceTree = "<group>";
		};
/* End PBXGroup section */

/* Begin PBXNativeTarget section */
		D723219E233BA7A700ED8200 /* p03_dirwin1 */ = {
			isa = PBXNativeTarget;
			buildConfigurationList = D72321B7233BA7AF00ED8200 /* Build configuration list for PBXNativeTarget "p03_dirwin1" */;
			buildPhases = (
				D723219B233BA7A700ED8200 /* Sources */,
				D723219C233BA7A700ED8200 /* Frameworks */,
				D723219D233BA7A700ED8200 /* Resources */,
			);
			buildRules = (
			);
			dependencies = (
			);
			name = p03_dirwin1;
			productName = p03_dirwin1;
			productReference = D723219F233BA7A800ED8200 /* p03_dirwin1.app */;
			productType = "com.apple.product-type.application";
		};
/* End PBXNativeTarget section */

/* Begin PBXProject section */
		D7232197233BA7A700ED8200 /* Project object */ = {
			isa = PBXProject;
			attributes = {
				LastSwiftUpdateCheck = 1100;
				LastUpgradeCheck = 1100;
				ORGANIZATIONNAME = "Dylan Irwin";
				TargetAttributes = {
					D723219E233BA7A700ED8200 = {
						CreatedOnToolsVersion = 11.0;
					};
				};
			};
			buildConfigurationList = D723219A233BA7A700ED8200 /* Build configuration list for PBXProject "p03_dirwin1" */;
			compatibilityVersion = "Xcode 9.3";
			developmentRegion = en;
			hasScannedForEncodings = 0;
			knownRegions = (
				en,
				Base,
			);
			mainGroup = D7232196233BA7A700ED8200;
			productRefGroup = D72321A0233BA7A800ED8200 /* Products */;
			projectDirPath = "";
			projectRoot = "";
			targets = (
				D723219E233BA7A700ED8200 /* p03_dirwin1 */,
			);
		};
/* End PBXProject section */

/* Begin PBXResourcesBuildPhase section */
		D723219D233BA7A700ED8200 /* Resources */ = {
			isa = PBXResourcesBuildPhase;
			buildActionMask = 2147483647;
			files = (
				D74080B72354B668006B46DF /* fire-Highlighted.png in Resources */,
				D70F58F2234B820900F4AF18 /* electric.png in Resources */,
				D72321AE233BA7A800ED8200 /* Main.storyboard in Resources */,
				D755BA1F23478A3F0020A691 /* GameScene.sks in Resources */,
				D72321B0233BA7AF00ED8200 /* Assets.xcassets in Resources */,
				D7D80CA82359FCF2002A2A45 /* firefall3.png in Resources */,
				D74080B62354B668006B46DF /* electric-Highlighted.png in Resources */,
				D74080B82354B668006B46DF /* grass-Highlighted.png in Resources */,
				D7D80CA72359FCF2002A2A45 /* firefall2.png in Resources */,
				D70F58F8234B822100F4AF18 /* grass.png in Resources */,
				D7D80CA92359FCF2002A2A45 /* firefall1.png in Resources */,
				D70F58FA234B822100F4AF18 /* fire.png in Resources */,
				D70F58F9234B822100F4AF18 /* water.png in Resources */,
				D72321B3233BA7AF00ED8200 /* LaunchScreen.storyboard in Resources */,
				D72321A7233BA7A800ED8200 /* Actions.sks in Resources */,
				D74080B92354B668006B46DF /* spooky-Highlighted.png in Resources */,
				D74080B52354B668006B46DF /* water-Highlighted.png in Resources */,
				D70F58F7234B822100F4AF18 /* spooky.png in Resources */,
			);
			runOnlyForDeploymentPostprocessing = 0;
		};
/* End PBXResourcesBuildPhase section */

/* Begin PBXSourcesBuildPhase section */
		D723219B233BA7A700ED8200 /* Sources */ = {
			isa = PBXSourcesBuildPhase;
			buildActionMask = 2147483647;
			files = (
				D755BA2323478AB00020A691 /* GameScene.swift in Sources */,
				D7DF521E2344F06F00856752 /* Block.swift in Sources */,
				D74080AF2350C93C006B46DF /* Swap.swift in Sources */,
				D72321AB233BA7A800ED8200 /* GameViewController.swift in Sources */,
				D74080BB23552A3A006B46DF /* Point.swift in Sources */,
				D755BA1D234784C40020A691 /* Level.swift in Sources */,
				D72321A3233BA7A800ED8200 /* AppDelegate.swift in Sources */,
			);
			runOnlyForDeploymentPostprocessing = 0;
		};
/* End PBXSourcesBuildPhase section */

/* Begin PBXVariantGroup section */
		D72321AC233BA7A800ED8200 /* Main.storyboard */ = {
			isa = PBXVariantGroup;
			children = (
				D72321AD233BA7A800ED8200 /* Base */,
			);
			name = Main.storyboard;
			sourceTree = "<group>";
		};
		D72321B1233BA7AF00ED8200 /* LaunchScreen.storyboard */ = {
			isa = PBXVariantGroup;
			children = (
				D72321B2233BA7AF00ED8200 /* Base */,
			);
			name = LaunchScreen.storyboard;
			sourceTree = "<group>";
		};
/* End PBXVariantGroup section */

/* Begin XCBuildConfiguration section */
		D72321B5233BA7AF00ED8200 /* Debug */ = {
			isa = XCBuildConfiguration;
			buildSettings = {
				ALWAYS_SEARCH_USER_PATHS = NO;
				CLANG_ANALYZER_NONNULL = YES;
				CLANG_ANALYZER_NUMBER_OBJECT_CONVERSION = YES_AGGRESSIVE;
				CLANG_CXX_LANGUAGE_STANDARD = "gnu++14";
				CLANG_CXX_LIBRARY = "libc++";
				CLANG_ENABLE_MODULES = YES;
				CLANG_ENABLE_OBJC_ARC = YES;
				CLANG_ENABLE_OBJC_WEAK = YES;
				CLANG_WARN_BLOCK_CAPTURE_AUTORELEASING = YES;
				CLANG_WARN_BOOL_CONVERSION = YES;
				CLANG_WARN_COMMA = YES;
				CLANG_WARN_CONSTANT_CONVERSION = YES;
				CLANG_WARN_DEPRECATED_OBJC_IMPLEMENTATIONS = YES;
				CLANG_WARN_DIRECT_OBJC_ISA_USAGE = YES_ERROR;
				CLANG_WARN_DOCUMENTATION_COMMENTS = YES;
				CLANG_WARN_EMPTY_BODY = YES;
				CLANG_WARN_ENUM_CONVERSION = YES;
				CLANG_WARN_INFINITE_RECURSION = YES;
				CLANG_WARN_INT_CONVERSION = YES;
				CLANG_WARN_NON_LITERAL_NULL_CONVERSION = YES;
				CLANG_WARN_OBJC_IMPLICIT_RETAIN_SELF = YES;
				CLANG_WARN_OBJC_LITERAL_CONVERSION = YES;
				CLANG_WARN_OBJC_ROOT_CLASS = YES_ERROR;
				CLANG_WARN_RANGE_LOOP_ANALYSIS = YES;
				CLANG_WARN_STRICT_PROTOTYPES = YES;
				CLANG_WARN_SUSPICIOUS_MOVE = YES;
				CLANG_WARN_UNGUARDED_AVAILABILITY = YES_AGGRESSIVE;
				CLANG_WARN_UNREACHABLE_CODE = YES;
				CLANG_WARN__DUPLICATE_METHOD_MATCH = YES;
				COPY_PHASE_STRIP = NO;
				DEBUG_INFORMATION_FORMAT = dwarf;
				ENABLE_STRICT_OBJC_MSGSEND = YES;
				ENABLE_TESTABILITY = YES;
				GCC_C_LANGUAGE_STANDARD = gnu11;
				GCC_DYNAMIC_NO_PIC = NO;
				GCC_NO_COMMON_BLOCKS = YES;
				GCC_OPTIMIZATION_LEVEL = 0;
				GCC_PREPROCESSOR_DEFINITIONS = (
					"DEBUG=1",
					"$(inherited)",
				);
				GCC_WARN_64_TO_32_BIT_CONVERSION = YES;
				GCC_WARN_ABOUT_RETURN_TYPE = YES_ERROR;
				GCC_WARN_UNDECLARED_SELECTOR = YES;
				GCC_WARN_UNINITIALIZED_AUTOS = YES_AGGRESSIVE;
				GCC_WARN_UNUSED_FUNCTION = YES;
				GCC_WARN_UNUSED_VARIABLE = YES;
				IPHONEOS_DEPLOYMENT_TARGET = 13.0;
				MTL_ENABLE_DEBUG_INFO = INCLUDE_SOURCE;
				MTL_FAST_MATH = YES;
				ONLY_ACTIVE_ARCH = YES;
				SDKROOT = iphoneos;
				SWIFT_ACTIVE_COMPILATION_CONDITIONS = DEBUG;
				SWIFT_OPTIMIZATION_LEVEL = "-Onone";
			};
			name = Debug;
		};
		D72321B6233BA7AF00ED8200 /* Release */ = {
			isa = XCBuildConfiguration;
			buildSettings = {
				ALWAYS_SEARCH_USER_PATHS = NO;
				CLANG_ANALYZER_NONNULL = YES;
				CLANG_ANALYZER_NUMBER_OBJECT_CONVERSION = YES_AGGRESSIVE;
				CLANG_CXX_LANGUAGE_STANDARD = "gnu++14";
				CLANG_CXX_LIBRARY = "libc++";
				CLANG_ENABLE_MODULES = YES;
				CLANG_ENABLE_OBJC_ARC = YES;
				CLANG_ENABLE_OBJC_WEAK = YES;
				CLANG_WARN_BLOCK_CAPTURE_AUTORELEASING = YES;
				CLANG_WARN_BOOL_CONVERSION = YES;
				CLANG_WARN_COMMA = YES;
				CLANG_WARN_CONSTANT_CONVERSION = YES;
				CLANG_WARN_DEPRECATED_OBJC_IMPLEMENTATIONS = YES;
				CLANG_WARN_DIRECT_OBJC_ISA_USAGE = YES_ERROR;
				CLANG_WARN_DOCUMENTATION_COMMENTS = YES;
				CLANG_WARN_EMPTY_BODY = YES;
				CLANG_WARN_ENUM_CONVERSION = YES;
				CLANG_WARN_INFINITE_RECURSION = YES;
				CLANG_WARN_INT_CONVERSION = YES;
				CLANG_WARN_NON_LITERAL_NULL_CONVERSION = YES;
				CLANG_WARN_OBJC_IMPLICIT_RETAIN_SELF = YES;
				CLANG_WARN_OBJC_LITERAL_CONVERSION = YES;
				CLANG_WARN_OBJC_ROOT_CLASS = YES_ERROR;
				CLANG_WARN_RANGE_LOOP_ANALYSIS = YES;
				CLANG_WARN_STRICT_PROTOTYPES = YES;
				CLANG_WARN_SUSPICIOUS_MOVE = YES;
				CLANG_WARN_UNGUARDED_AVAILABILITY = YES_AGGRESSIVE;
				CLANG_WARN_UNREACHABLE_CODE = YES;
				CLANG_WARN__DUPLICATE_METHOD_MATCH = YES;
				COPY_PHASE_STRIP = NO;
				DEBUG_INFORMATION_FORMAT = "dwarf-with-dsym";
				ENABLE_NS_ASSERTIONS = NO;
				ENABLE_STRICT_OBJC_MSGSEND = YES;
				GCC_C_LANGUAGE_STANDARD = gnu11;
				GCC_NO_COMMON_BLOCKS = YES;
				GCC_WARN_64_TO_32_BIT_CONVERSION = YES;
				GCC_WARN_ABOUT_RETURN_TYPE = YES_ERROR;
				GCC_WARN_UNDECLARED_SELECTOR = YES;
				GCC_WARN_UNINITIALIZED_AUTOS = YES_AGGRESSIVE;
				GCC_WARN_UNUSED_FUNCTION = YES;
				GCC_WARN_UNUSED_VARIABLE = YES;
				IPHONEOS_DEPLOYMENT_TARGET = 13.0;
				MTL_ENABLE_DEBUG_INFO = NO;
				MTL_FAST_MATH = YES;
				SDKROOT = iphoneos;
				SWIFT_COMPILATION_MODE = wholemodule;
				SWIFT_OPTIMIZATION_LEVEL = "-O";
				VALIDATE_PRODUCT = YES;
			};
			name = Release;
		};
		D72321B8233BA7AF00ED8200 /* Debug */ = {
			isa = XCBuildConfiguration;
			buildSettings = {
				ASSETCATALOG_COMPILER_APPICON_NAME = AppIcon;
				CODE_SIGN_STYLE = Automatic;
				DEVELOPMENT_TEAM = J8CH8K2H67;
				INFOPLIST_FILE = p03_dirwin1/Info.plist;
				IPHONEOS_DEPLOYMENT_TARGET = 12.4;
				LD_RUNPATH_SEARCH_PATHS = (
					"$(inherited)",
					"@executable_path/Frameworks",
				);
				PRODUCT_BUNDLE_IDENTIFIER = "com.DylanIrwin.p03-dirwin1";
				PRODUCT_NAME = "$(TARGET_NAME)";
				SWIFT_VERSION = 5.0;
				TARGETED_DEVICE_FAMILY = "1,2";
			};
			name = Debug;
		};
		D72321B9233BA7AF00ED8200 /* Release */ = {
			isa = XCBuildConfiguration;
			buildSettings = {
				ASSETCATALOG_COMPILER_APPICON_NAME = AppIcon;
				CODE_SIGN_STYLE = Automatic;
				DEVELOPMENT_TEAM = J8CH8K2H67;
				INFOPLIST_FILE = p03_dirwin1/Info.plist;
				IPHONEOS_DEPLOYMENT_TARGET = 12.4;
				LD_RUNPATH_SEARCH_PATHS = (
					"$(inherited)",
					"@executable_path/Frameworks",
				);
				PRODUCT_BUNDLE_IDENTIFIER = "com.DylanIrwin.p03-dirwin1";
				PRODUCT_NAME = "$(TARGET_NAME)";
				SWIFT_VERSION = 5.0;
				TARGETED_DEVICE_FAMILY = "1,2";
			};
			name = Release;
		};
/* End XCBuildConfiguration section */

/* Begin XCConfigurationList section */
		D723219A233BA7A700ED8200 /* Build configuration list for PBXProject "p03_dirwin1" */ = {
			isa = XCConfigurationList;
			buildConfigurations = (
				D72321B5233BA7AF00ED8200 /* Debug */,
				D72321B6233BA7AF00ED8200 /* Release */,
			);
			defaultConfigurationIsVisible = 0;
			defaultConfigurationName = Release;
		};
		D72321B7233BA7AF00ED8200 /* Build configuration list for PBXNativeTarget "p03_dirwin1" */ = {
			isa = XCConfigurationList;
			buildConfigurations = (
				D72321B8233BA7AF00ED8200 /* Debug */,
				D72321B9233BA7AF00ED8200 /* Release */,
			);
			defaultConfigurationIsVisible = 0;
			defaultConfigurationName = Release;
		};
/* End XCConfigurationList section */
	};
	rootObject = D7232197233BA7A700ED8200 /* Project object */;
}
